<Solution>
  <Configurations>
    <Platform Name="x64" />
  </Configurations>
  <Project Path="NCMDump.CLI/NCMDump.CLI.csproj">
    <Platform Project="x64" />
  </Project>
  <Project Path="NCMDump.Core/NCMDump.Core.csproj">
    <Platform Project="x64" />
  </Project>
  <Project Path="NCMDump.Test/NCMDump.Test.csproj">
    <Platform Project="x64" />
  </Project>
  <Project Path="NCMDump.WPF/NCMDump.WPF.csproj">
    <Platform Project="x64" />
  </Project>
</Solution>
